// !$*UTF8*$!
{
	archiveVersion = 1;
	classes = {
	};
	objectVersion = 46;
	objects = {

/* Begin PBXBuildFile section */
		67F222851CE831B00003CCEB /* main.m in Sources */ = {isa = PBXBuildFile; fileRef = 67F222841CE831B00003CCEB /* main.m */; };
		67F222881CE831B00003CCEB /* AppDelegate.m in Sources */ = {isa = PBXBuildFile; fileRef = 67F222871CE831B00003CCEB /* AppDelegate.m */; };
		67F222901CE831B00003CCEB /* Assets.xcassets in Resources */ = {isa = PBXBuildFile; fileRef = 67F2228F1CE831B00003CCEB /* Assets.xcassets */; };
		67F222BC1CE834770003CCEB /* ADStorage.m in Sources */ = {isa = PBXBuildFile; fileRef = 67F222BB1CE834770003CCEB /* ADStorage.m */; };
		67F222BF1CE83EE60003CCEB /* ADStringsTableView.m in Sources */ = {isa = PBXBuildFile; fileRef = 67F222BE1CE83EE60003CCEB /* ADStringsTableView.m */; };
		67F222C11CE83F470003CCEB /* ADStringsTableView.xib in Resources */ = {isa = PBXBuildFile; fileRef = 67F222C01CE83F470003CCEB /* ADStringsTableView.xib */; };
		67F222C51CE840080003CCEB /* ADStringsTableViewCell.m in Sources */ = {isa = PBXBuildFile; fileRef = 67F222C31CE840080003CCEB /* ADStringsTableViewCell.m */; };
		67F222C61CE840080003CCEB /* ADStringsTableViewCell.xib in Resources */ = {isa = PBXBuildFile; fileRef = 67F222C41CE840080003CCEB /* ADStringsTableViewCell.xib */; };
		67F222C91CE849EF0003CCEB /* ADItemsViewController.m in Sources */ = {isa = PBXBuildFile; fileRef = 67F222C81CE849EF0003CCEB /* ADItemsViewController.m */; };
/* End PBXBuildFile section */

/* Begin PBXFileReference section */
		67F222801CE831AF0003CCEB /* MVPtest.app */ = {isa = PBXFileReference; explicitFileType = wrapper.application; includeInIndex = 0; path = MVPtest.app; sourceTree = BUILT_PRODUCTS_DIR; };
		67F222841CE831B00003CCEB /* main.m */ = {isa = PBXFileReference; lastKnownFileType = sourcecode.c.objc; path = main.m; sourceTree = "<group>"; };
		67F222861CE831B00003CCEB /* AppDelegate.h */ = {isa = PBXFileReference; lastKnownFileType = sourcecode.c.h; path = AppDelegate.h; sourceTree = "<group>"; };
		67F222871CE831B00003CCEB /* AppDelegate.m */ = {isa = PBXFileReference; lastKnownFileType = sourcecode.c.objc; path = AppDelegate.m; sourceTree = "<group>"; };
		67F2228F1CE831B00003CCEB /* Assets.xcassets */ = {isa = PBXFileReference; lastKnownFileType = folder.assetcatalog; path = Assets.xcassets; sourceTree = "<group>"; };
		67F222941CE831B00003CCEB /* Info.plist */ = {isa = PBXFileReference; lastKnownFileType = text.plist.xml; path = Info.plist; sourceTree = "<group>"; };
		67F222BA1CE834770003CCEB /* ADStorage.h */ = {isa = PBXFileReference; fileEncoding = 4; lastKnownFileType = sourcecode.c.h; path = ADStorage.h; sourceTree = "<group>"; };
		67F222BB1CE834770003CCEB /* ADStorage.m */ = {isa = PBXFileReference; fileEncoding = 4; lastKnownFileType = sourcecode.c.objc; path = ADStorage.m; sourceTree = "<group>"; };
		67F222BD1CE83EE60003CCEB /* ADStringsTableView.h */ = {isa = PBXFileReference; fileEncoding = 4; lastKnownFileType = sourcecode.c.h; path = ADStringsTableView.h; sourceTree = "<group>"; };
		67F222BE1CE83EE60003CCEB /* ADStringsTableView.m */ = {isa = PBXFileReference; fileEncoding = 4; lastKnownFileType = sourcecode.c.objc; path = ADStringsTableView.m; sourceTree = "<group>"; };
		67F222C01CE83F470003CCEB /* ADStringsTableView.xib */ = {isa = PBXFileReference; fileEncoding = 4; lastKnownFileType = file.xib; path = ADStringsTableView.xib; sourceTree = "<group>"; };
		67F222C21CE840080003CCEB /* ADStringsTableViewCell.h */ = {isa = PBXFileReference; fileEncoding = 4; lastKnownFileType = sourcecode.c.h; path = ADStringsTableViewCell.h; sourceTree = "<group>"; };
		67F222C31CE840080003CCEB /* ADStringsTableViewCell.m */ = {isa = PBXFileReference; fileEncoding = 4; lastKnownFileType = sourcecode.c.objc; path = ADStringsTableViewCell.m; sourceTree = "<group>"; };
		67F222C41CE840080003CCEB /* ADStringsTableViewCell.xib */ = {isa = PBXFileReference; fileEncoding = 4; lastKnownFileType = file.xib; path = ADStringsTableViewCell.xib; sourceTree = "<group>"; };
		67F222C71CE849EF0003CCEB /* ADItemsViewController.h */ = {isa = PBXFileReference; fileEncoding = 4; lastKnownFileType = sourcecode.c.h; path = ADItemsViewController.h; sourceTree = "<group>"; };
		67F222C81CE849EF0003CCEB /* ADItemsViewController.m */ = {isa = PBXFileReference; fileEncoding = 4; lastKnownFileType = sourcecode.c.objc; path = ADItemsViewController.m; sourceTree = "<group>"; };
/* End PBXFileReference section */

/* Begin PBXFrameworksBuildPhase section */
		67F2227D1CE831AF0003CCEB /* Frameworks */ = {
			isa = PBXFrameworksBuildPhase;
			buildActionMask = 2147483647;
			files = (
			);
			runOnlyForDeploymentPostprocessing = 0;
		};
/* End PBXFrameworksBuildPhase section */

/* Begin PBXGroup section */
		67F222771CE831AF0003CCEB = {
			isa = PBXGroup;
			children = (
				67F222821CE831B00003CCEB /* MVPtest */,
				67F222811CE831AF0003CCEB /* Products */,
			);
			sourceTree = "<group>";
		};
		67F222811CE831AF0003CCEB /* Products */ = {
			isa = PBXGroup;
			children = (
				67F222801CE831AF0003CCEB /* MVPtest.app */,
			);
			name = Products;
			sourceTree = "<group>";
		};
		67F222821CE831B00003CCEB /* MVPtest */ = {
			isa = PBXGroup;
			children = (
				67F222B61CE833E50003CCEB /* Classes */,
				67F222861CE831B00003CCEB /* AppDelegate.h */,
				67F222871CE831B00003CCEB /* AppDelegate.m */,
				67F2228F1CE831B00003CCEB /* Assets.xcassets */,
				67F222941CE831B00003CCEB /* Info.plist */,
				67F222841CE831B00003CCEB /* main.m */,
			);
			path = MVPtest;
			sourceTree = "<group>";
		};
		67F222B61CE833E50003CCEB /* Classes */ = {
			isa = PBXGroup;
			children = (
				67F222B71CE833E50003CCEB /* Model */,
				67F222B81CE833E50003CCEB /* Presenter */,
				67F222B91CE833E50003CCEB /* View */,
			);
			path = Classes;
			sourceTree = "<group>";
		};
		67F222B71CE833E50003CCEB /* Model */ = {
			isa = PBXGroup;
			children = (
				67F222BA1CE834770003CCEB /* ADStorage.h */,
				67F222BB1CE834770003CCEB /* ADStorage.m */,
			);
			path = Model;
			sourceTree = "<group>";
		};
		67F222B81CE833E50003CCEB /* Presenter */ = {
			isa = PBXGroup;
			children = (
				67F222C71CE849EF0003CCEB /* ADItemsViewController.h */,
				67F222C81CE849EF0003CCEB /* ADItemsViewController.m */,
			);
			path = Presenter;
			sourceTree = "<group>";
		};
		67F222B91CE833E50003CCEB /* View */ = {
			isa = PBXGroup;
			children = (
				67F222BD1CE83EE60003CCEB /* ADStringsTableView.h */,
				67F222BE1CE83EE60003CCEB /* ADStringsTableView.m */,
				67F222C01CE83F470003CCEB /* ADStringsTableView.xib */,
				67F222C21CE840080003CCEB /* ADStringsTableViewCell.h */,
				67F222C31CE840080003CCEB /* ADStringsTableViewCell.m */,
				67F222C41CE840080003CCEB /* ADStringsTableViewCell.xib */,
			);
			path = View;
			sourceTree = "<group>";
		};
/* End PBXGroup section */

/* Begin PBXNativeTarget section */
		67F2227F1CE831AF0003CCEB /* MVPtest */ = {
			isa = PBXNativeTarget;
			buildConfigurationList = 67F222AD1CE831B00003CCEB /* Build configuration list for PBXNativeTarget "MVPtest" */;
			buildPhases = (
				67F2227C1CE831AF0003CCEB /* Sources */,
				67F2227D1CE831AF0003CCEB /* Frameworks */,
				67F2227E1CE831AF0003CCEB /* Resources */,
			);
			buildRules = (
			);
			dependencies = (
			);
			name = MVPtest;
			productName = MVPtest;
			productReference = 67F222801CE831AF0003CCEB /* MVPtest.app */;
			productType = "com.apple.product-type.application";
		};
/* End PBXNativeTarget section */

/* Begin PBXProject section */
		67F222781CE831AF0003CCEB /* Project object */ = {
			isa = PBXProject;
			attributes = {
				CLASSPREFIX = AD;
				LastUpgradeCheck = 0710;
				ORGANIZATIONNAME = "Антышев Дмитрий";
				TargetAttributes = {
					67F2227F1CE831AF0003CCEB = {
						CreatedOnToolsVersion = 7.1;
					};
				};
			};
			buildConfigurationList = 67F2227B1CE831AF0003CCEB /* Build configuration list for PBXProject "MVPtest" */;
			compatibilityVersion = "Xcode 3.2";
			developmentRegion = English;
			hasScannedForEncodings = 0;
			knownRegions = (
				en,
				Base,
			);
			mainGroup = 67F222771CE831AF0003CCEB;
			productRefGroup = 67F222811CE831AF0003CCEB /* Products */;
			projectDirPath = "";
			projectRoot = "";
			targets = (
				67F2227F1CE831AF0003CCEB /* MVPtest */,
			);
		};
/* End PBXProject section */

/* Begin PBXResourcesBuildPhase section */
		67F2227E1CE831AF0003CCEB /* Resources */ = {
			isa = PBXResourcesBuildPhase;
			buildActionMask = 2147483647;
			files = (
				67F222901CE831B00003CCEB /* Assets.xcassets in Resources */,
				67F222C11CE83F470003CCEB /* ADStringsTableView.xib in Resources */,
				67F222C61CE840080003CCEB /* ADStringsTableViewCell.xib in Resources */,
			);
			runOnlyForDeploymentPostprocessing = 0;
		};
/* End PBXResourcesBuildPhase section */

/* Begin PBXSourcesBuildPhase section */
		67F2227C1CE831AF0003CCEB /* Sources */ = {
			isa = PBXSourcesBuildPhase;
			buildActionMask = 2147483647;
			files = (
				67F222BC1CE834770003CCEB /* ADStorage.m in Sources */,
				67F222BF1CE83EE60003CCEB /* ADStringsTableView.m in Sources */,
				67F222881CE831B00003CCEB /* AppDelegate.m in Sources */,
				67F222851CE831B00003CCEB /* main.m in Sources */,
				67F222C91CE849EF0003CCEB /* ADItemsViewController.m in Sources */,
				67F222C51CE840080003CCEB /* ADStringsTableViewCell.m in Sources */,
			);
			runOnlyForDeploymentPostprocessing = 0;
		};
/* End PBXSourcesBuildPhase section */

/* Begin XCBuildConfiguration section */
		67F222AB1CE831B00003CCEB /* Debug */ = {
			isa = XCBuildConfiguration;
			buildSettings = {
				ALWAYS_SEARCH_USER_PATHS = NO;
				CLANG_CXX_LANGUAGE_STANDARD = "gnu++0x";
				CLANG_CXX_LIBRARY = "libc++";
				CLANG_ENABLE_MODULES = YES;
				CLANG_ENABLE_OBJC_ARC = YES;
				CLANG_WARN_BOOL_CONVERSION = YES;
				CLANG_WARN_CONSTANT_CONVERSION = YES;
				CLANG_WARN_DIRECT_OBJC_ISA_USAGE = YES_ERROR;
				CLANG_WARN_EMPTY_BODY = YES;
				CLANG_WARN_ENUM_CONVERSION = YES;
				CLANG_WARN_INT_CONVERSION = YES;
				CLANG_WARN_OBJC_ROOT_CLASS = YES_ERROR;
				CLANG_WARN_UNREACHABLE_CODE = YES;
				CLANG_WARN__DUPLICATE_METHOD_MATCH = YES;
				"CODE_SIGN_IDENTITY[sdk=iphoneos*]" = "iPhone Developer";
				COPY_PHASE_STRIP = NO;
				DEBUG_INFORMATION_FORMAT = dwarf;
				ENABLE_STRICT_OBJC_MSGSEND = YES;
				ENABLE_TESTABILITY = YES;
				GCC_C_LANGUAGE_STANDARD = gnu99;
				GCC_DYNAMIC_NO_PIC = NO;
				GCC_NO_COMMON_BLOCKS = YES;
				GCC_OPTIMIZATION_LEVEL = 0;
				GCC_PREPROCESSOR_DEFINITIONS = (
					"DEBUG=1",
					"$(inherited)",
				);
				GCC_WARN_64_TO_32_BIT_CONVERSION = YES;
				GCC_WARN_ABOUT_RETURN_TYPE = YES_ERROR;
				GCC_WARN_UNDECLARED_SELECTOR = YES;
				GCC_WARN_UNINITIALIZED_AUTOS = YES_AGGRESSIVE;
				GCC_WARN_UNUSED_FUNCTION = YES;
				GCC_WARN_UNUSED_VARIABLE = YES;
				IPHONEOS_DEPLOYMENT_TARGET = 7.0;
				MTL_ENABLE_DEBUG_INFO = YES;
				ONLY_ACTIVE_ARCH = YES;
				SDKROOT = iphoneos;
			};
			name = Debug;
		};
		67F222AC1CE831B00003CCEB /* Release */ = {
			isa = XCBuildConfiguration;
			buildSettings = {
				ALWAYS_SEARCH_USER_PATHS = NO;
				CLANG_CXX_LANGUAGE_STANDARD = "gnu++0x";
				CLANG_CXX_LIBRARY = "libc++";
				CLANG_ENABLE_MODULES = YES;
				CLANG_ENABLE_OBJC_ARC = YES;
				CLANG_WARN_BOOL_CONVERSION = YES;
				CLANG_WARN_CONSTANT_CONVERSION = YES;
				CLANG_WARN_DIRECT_OBJC_ISA_USAGE = YES_ERROR;
				CLANG_WARN_EMPTY_BODY = YES;
				CLANG_WARN_ENUM_CONVERSION = YES;
				CLANG_WARN_INT_CONVERSION = YES;
				CLANG_WARN_OBJC_ROOT_CLASS = YES_ERROR;
				CLANG_WARN_UNREACHABLE_CODE = YES;
				CLANG_WARN__DUPLICATE_METHOD_MATCH = YES;
				"CODE_SIGN_IDENTITY[sdk=iphoneos*]" = "iPhone Developer";
				COPY_PHASE_STRIP = NO;
				DEBUG_INFORMATION_FORMAT = "dwarf-with-dsym";
				ENABLE_NS_ASSERTIONS = NO;
				ENABLE_STRICT_OBJC_MSGSEND = YES;
				GCC_C_LANGUAGE_STANDARD = gnu99;
				GCC_NO_COMMON_BLOCKS = YES;
				GCC_WARN_64_TO_32_BIT_CONVERSION = YES;
				GCC_WARN_ABOUT_RETURN_TYPE = YES_ERROR;
				GCC_WARN_UNDECLARED_SELECTOR = YES;
				GCC_WARN_UNINITIALIZED_AUTOS = YES_AGGRESSIVE;
				GCC_WARN_UNUSED_FUNCTION = YES;
				GCC_WARN_UNUSED_VARIABLE = YES;
				IPHONEOS_DEPLOYMENT_TARGET = 7.0;
				MTL_ENABLE_DEBUG_INFO = NO;
				SDKROOT = iphoneos;
				VALIDATE_PRODUCT = YES;
			};
			name = Release;
		};
		67F222AE1CE831B00003CCEB /* Debug */ = {
			isa = XCBuildConfiguration;
			buildSettings = {
				ASSETCATALOG_COMPILER_APPICON_NAME = AppIcon;
				ASSETCATALOG_COMPILER_LAUNCHIMAGE_NAME = "Brand Assets";
				INFOPLIST_FILE = MVPtest/Info.plist;
				LD_RUNPATH_SEARCH_PATHS = "$(inherited) @executable_path/Frameworks";
				PRODUCT_BUNDLE_IDENTIFIER = "Antyshev-Dmitriy.MVPtest";
				PRODUCT_NAME = "$(TARGET_NAME)";
			};
			name = Debug;
		};
		67F222AF1CE831B00003CCEB /* Release */ = {
			isa = XCBuildConfiguration;
			buildSettings = {
				ASSETCATALOG_COMPILER_APPICON_NAME = AppIcon;
				ASSETCATALOG_COMPILER_LAUNCHIMAGE_NAME = "Brand Assets";
				INFOPLIST_FILE = MVPtest/Info.plist;
				LD_RUNPATH_SEARCH_PATHS = "$(inherited) @executable_path/Frameworks";
				PRODUCT_BUNDLE_IDENTIFIER = "Antyshev-Dmitriy.MVPtest";
				PRODUCT_NAME = "$(TARGET_NAME)";
			};
			name = Release;
		};
/* End XCBuildConfiguration section */

/* Begin XCConfigurationList section */
		67F2227B1CE831AF0003CCEB /* Build configuration list for PBXProject "MVPtest" */ = {
			isa = XCConfigurationList;
			buildConfigurations = (
				67F222AB1CE831B00003CCEB /* Debug */,
				67F222AC1CE831B00003CCEB /* Release */,
			);
			defaultConfigurationIsVisible = 0;
			defaultConfigurationName = Release;
		};
		67F222AD1CE831B00003CCEB /* Build configuration list for PBXNativeTarget "MVPtest" */ = {
			isa = XCConfigurationList;
			buildConfigurations = (
				67F222AE1CE831B00003CCEB /* Debug */,
				67F222AF1CE831B00003CCEB /* Release */,
			);
			defaultConfigurationIsVisible = 0;
		};
/* End XCConfigurationList section */
	};
	rootObject = 67F222781CE831AF0003CCEB /* Project object */;
}
